
Microsoft Visual Studio Solution File, Format Version 12.00
# Visual Studio Version 16
VisualStudioVersion = 16.0.28729.10
MinimumVisualStudioVersion = 10.0.40219.1
Project("{FAE04EC0-301F-11D3-BF4B-00C04F79EFBC}") = "SoftCertPolicyAppender", "SoftCertPolicyAppender\SoftCertPolicyAppender.csproj", "{E09D425B-49C1-4E27-A7CE-72EE8C7B129F}"
EndProject
Global
	GlobalSection(SolutionConfigurationPlatforms) = preSolution
		Debug|Any CPU = Debug|Any CPU
		Release|Any CPU = Release|Any CPU
	EndGlobalSection
	GlobalSection(ProjectConfigurationPlatforms) = postSolution
		{E09D425B-49C1-4E27-A7CE-72EE8C7B129F}.Debug|Any CPU.ActiveCfg = Debug|Any CPU
		{E09D425B-49C1-4E27-A7CE-72EE8C7B129F}.Debug|Any CPU.Build.0 = Debug|Any CPU
		{E09D425B-49C1-4E27-A7CE-72EE8C7B129F}.Release|Any CPU.ActiveCfg = Release|Any CPU
		{E09D425B-49C1-4E27-A7CE-72EE8C7B129F}.Release|Any CPU.Build.0 = Release|Any CPU
	EndGlobalSection
	GlobalSection(SolutionProperties) = preSolution
		HideSolutionNode = FALSE
	EndGlobalSection
	GlobalSection(ExtensibilityGlobals) = postSolution
		SolutionGuid = {7DADB6F3-94A8-4A83-A4FC-AA3555C5FEDC}
	EndGlobalSection
EndGlobal
